
Microsoft Visual Studio Solution File, Format Version 12.00
# Visual Studio Version 16
VisualStudioVersion = 16.0.29102.190
MinimumVisualStudioVersion = 10.0.40219.1
Project("{FAE04EC0-301F-11D3-BF4B-00C04F79EFBC}") = "deltax1", "deltax1.csproj", "{B52B6F09-04A0-4E19-86CF-49C560016410}"
EndProject
Global
	GlobalSection(SolutionConfigurationPlatforms) = preSolution
		Debug|Any CPU = Debug|Any CPU
		Release|Any CPU = Release|Any CPU
	EndGlobalSection
	GlobalSection(ProjectConfigurationPlatforms) = postSolution
		{B52B6F09-04A0-4E19-86CF-49C560016410}.Debug|Any CPU.ActiveCfg = Debug|Any CPU
		{B52B6F09-04A0-4E19-86CF-49C560016410}.Debug|Any CPU.Build.0 = Debug|Any CPU
		{B52B6F09-04A0-4E19-86CF-49C560016410}.Release|Any CPU.ActiveCfg = Release|Any CPU
		{B52B6F09-04A0-4E19-86CF-49C560016410}.Release|Any CPU.Build.0 = Release|Any CPU
	EndGlobalSection
	GlobalSection(SolutionProperties) = preSolution
		HideSolutionNode = FALSE
	EndGlobalSection
	GlobalSection(ExtensibilityGlobals) = postSolution
		SolutionGuid = {EA09656E-4029-4374-BA71-E65BA0CC7C1D}
	EndGlobalSection
EndGlobal
